<?xml version="1.0" encoding="utf-8"?>
<Project ToolsVersion="4.0" xmlns="http://schemas.microsoft.com/developer/msbuild/2003">
  <ItemGroup>
    <Filter Include="Source Files">
      <UniqueIdentifier>{4FC737F1-C7A5-4376-A066-2A32D752A2FF}</UniqueIdentifier>
      <Extensions>cpp;c;cc;cxx;c++;cppm;ixx;def;odl;idl;hpj;bat;asm;asmx</Extensions>
    </Filter>
    <Filter Include="Header Files">
      <UniqueIdentifier>{93995380-89BD-4b04-88EB-625FBE52EBFB}</UniqueIdentifier>
      <Extensions>h;hh;hpp;hxx;h++;hm;inl;inc;ipp;xsd</Extensions>
    </Filter>
    <Filter Include="Resource Files">
      <UniqueIdentifier>{67DA6AB6-F800-4c08-8B7A-83BB121AAD01}</UniqueIdentifier>
      <Extensions>rc;ico;cur;bmp;dlg;rc2;rct;bin;rgs;gif;jpg;jpeg;jpe;resx;tiff;tif;png;wav;mfcribbon-ms</Extensions>
    </Filter>
  </ItemGroup>
  <ItemGroup>
    <ClInclude Include="MainFrame.h">
      <Filter>Header Files</Filter>
    </ClInclude>
    <ClInclude Include="App.h">
      <Filter>Header Files</Filter>
    </ClInclude>
    <ClInclude Include="Note.h">
      <Filter>Header Files</Filter>
    </ClInclude>
    <ClInclude Include="resource.h">
      <Filter>Header Files</Filter>
    </ClInclude>
    <ClInclude Include="ToDoList.h">
      <Filter>Header Files</Filter>
    </ClInclude>
    <ClInclude Include="ColorDialog.h">
      <Filter>Header Files</Filter>
    </ClInclude>
    <ClInclude Include="RGB2HSL.h">
      <Filter>Header Files</Filter>
    </ClInclude>
    <ClInclude Include="Tool.h">
      <Filter>Header Files</Filter>
    </ClInclude>
    <ClInclude Include="Rectangle.h">
      <Filter>Header Files</Filter>
    </ClInclude>
    <ClInclude Include="Cursors.h">
      <Filter>Header Files</Filter>
    </ClInclude>
    <ClInclude Include="Stroke.h">
      <Filter>Header Files</Filter>
    </ClInclude>
    <ClInclude Include="RenameDialog.h">
      <Filter>Header Files</Filter>
    </ClInclude>
    <ClInclude Include="ImageBox.h">
      <Filter>Header Files</Filter>
    </ClInclude>
    <ClInclude Include="NoteDialog.h">
      <Filter>Header Files</Filter>
    </ClInclude>
  </ItemGroup>
  <ItemGroup>
    <ClCompile Include="MainFrame.cpp">
      <Filter>Source Files</Filter>
    </ClCompile>
    <ClCompile Include="App.cpp">
      <Filter>Source Files</Filter>
    </ClCompile>
    <ClCompile Include="Note.cpp">
      <Filter>Source Files</Filter>
    </ClCompile>
    <ClCompile Include="ToDoList.cpp">
      <Filter>Source Files</Filter>
    </ClCompile>
    <ClCompile Include="ColorDialog.cpp">
      <Filter>Source Files</Filter>
    </ClCompile>
    <ClCompile Include="Rectangle.cpp">
      <Filter>Source Files</Filter>
    </ClCompile>
    <ClCompile Include="RenameDialog.cpp">
      <Filter>Source Files</Filter>
    </ClCompile>
    <ClCompile Include="ImageBox.cpp">
      <Filter>Source Files</Filter>
    </ClCompile>
    <ClCompile Include="NoteDialog.cpp">
      <Filter>Source Files</Filter>
    </ClCompile>
  </ItemGroup>
  <ItemGroup>
    <Image Include="ElipseDarkMode.ico">
      <Filter>Resource Files</Filter>
    </Image>
    <Image Include="ElipseWhiteMode.ico">
      <Filter>Resource Files</Filter>
    </Image>
    <Image Include="NoteDarkMode.ico">
      <Filter>Resource Files</Filter>
    </Image>
    <Image Include="NoteWhiteMode.ico">
      <Filter>Resource Files</Filter>
    </Image>
    <Image Include="RectangleDarkMode.ico">
      <Filter>Resource Files</Filter>
    </Image>
    <Image Include="RectangleWhiteMode.ico">
      <Filter>Resource Files</Filter>
    </Image>
    <Image Include="Calign.ico">
      <Filter>Resource Files</Filter>
    </Image>
    <Image Include="Lalign.ico">
      <Filter>Resource Files</Filter>
    </Image>
    <Image Include="Ralign.ico">
      <Filter>Resource Files</Filter>
    </Image>
    <Image Include="BrushDarkMode.ico">
      <Filter>Resource Files</Filter>
    </Image>
    <Image Include="BrushWhiteMode.ico">
      <Filter>Resource Files</Filter>
    </Image>
    <Image Include="EraseDarkMode.ico">
      <Filter>Resource Files</Filter>
    </Image>
    <Image Include="EraseWhiteMode.ico">
      <Filter>Resource Files</Filter>
    </Image>
    <Image Include="plus.ico">
      <Filter>Resource Files</Filter>
    </Image>
    <Image Include="ToDoDarkMode.ico">
      <Filter>Resource Files</Filter>
    </Image>
    <Image Include="ToDoWhiteMode.ico">
      <Filter>Resource Files</Filter>
    </Image>
    <Image Include="LbrushDarkMode.ico">
      <Filter>Resource Files</Filter>
    </Image>
    <Image Include="LbrushWhiteMode.ico">
      <Filter>Resource Files</Filter>
    </Image>
    <Image Include="MbrushDarkMode.ico">
      <Filter>Resource Files</Filter>
    </Image>
    <Image Include="MbrushWhiteMode.ico">
      <Filter>Resource Files</Filter>
    </Image>
    <Image Include="SbrushDarkMode.ico">
      <Filter>Resource Files</Filter>
    </Image>
    <Image Include="SbrushWhiteMode.ico">
      <Filter>Resource Files</Filter>
    </Image>
    <Image Include="XLbrushDarkMode.ico">
      <Filter>Resource Files</Filter>
    </Image>
    <Image Include="XLbrushWhiteMode.ico">
      <Filter>Resource Files</Filter>
    </Image>
    <Image Include="XSbrushDarkMode.ico">
      <Filter>Resource Files</Filter>
    </Image>
    <Image Include="XSbrushWhiteMode.ico">
      <Filter>Resource Files</Filter>
    </Image>
    <Image Include="Icon.ico">
      <Filter>Resource Files</Filter>
    </Image>
    <Image Include="KV2_map.jpg">
      <Filter>Resource Files</Filter>
    </Image>
    <Image Include="internet.png">
      <Filter>Resource Files</Filter>
    </Image>
    <Image Include="ImageDarkMode.ico">
      <Filter>Resource Files</Filter>
    </Image>
    <Image Include="ImageWhiteMode.ico">
      <Filter>Resource Files</Filter>
    </Image>
  </ItemGroup>
  <ItemGroup>
    <None Include="Cursors\brush.cur">
      <Filter>Resource Files</Filter>
    </None>
    <None Include="Cursors\Eraser.cur">
      <Filter>Resource Files</Filter>
    </None>
  </ItemGroup>
</Project>